
Microsoft Visual Studio Solution File, Format Version 12.00
# Visual Studio Version 17
VisualStudioVersion = 17.10.35027.167
MinimumVisualStudioVersion = 10.0.40219.1
Project("{9A19103F-16F7-4668-BE54-9A1E7A4F7556}") = "WeatherMcpServer", "WeatherMcpServer.csproj", "{84570B80-54C4-4C11-8431-0AEDAEE0A8DD}"
EndProject
Global
	GlobalSection(SolutionConfigurationPlatforms) = preSolution
		Debug|Any CPU = Debug|Any CPU
		Release|Any CPU = Release|Any CPU
	EndGlobalSection
	GlobalSection(ProjectConfigurationPlatforms) = postSolution
		{84570B80-54C4-4C11-8431-0AEDAEE0A8DD}.Debug|Any CPU.ActiveCfg = Debug|Any CPU
		{84570B80-54C4-4C11-8431-0AEDAEE0A8DD}.Debug|Any CPU.Build.0 = Debug|Any CPU
		{84570B80-54C4-4C11-8431-0AEDAEE0A8DD}.Release|Any CPU.ActiveCfg = Release|Any CPU
		{84570B80-54C4-4C11-8431-0AEDAEE0A8DD}.Release|Any CPU.Build.0 = Release|Any CPU
	EndGlobalSection
	GlobalSection(SolutionProperties) = preSolution
		HideSolutionNode = FALSE
	EndGlobalSection
	GlobalSection(ExtensibilityGlobals) = postSolution
		SolutionGuid = {D22A7470-2196-4CD7-9942-43C08E034784}
	EndGlobalSection
EndGlobal
